{
  "version": 4,
  "terraform_version": "1.1.9",
  "serial": 7,
  "lineage": "2df80157-71d0-af48-6f15-70b01f84e95c",
  "outputs": {
    "sshcommand": {
      "value": "ssh root@52.116.133.102",
      "type": "string"
    }
  },
  "resources": [
    {
      "mode": "data",
      "type": "ibm_is_image",
      "name": "centos",
      "provider": "provider[\"registry.terraform.io/ibm-cloud/ibm\"]",
      "instances": [
        {
          "schema_version": 0,
          "attributes": {
            "architecture": "amd64",
            "checksum": null,
            "crn": "crn:v1:bluemix:public:is:us-south:::image:r006-e0039ab2-fcc8-11e9-8a36-6ffb6501dd33",
            "encryption": "none",
            "encryption_key": null,
            "id": "r006-e0039ab2-fcc8-11e9-8a36-6ffb6501dd33",
            "identifier": null,
            "name": "ibm-centos-7-6-minimal-amd64-1",
            "os": "centos-7-amd64",
            "source_volume": null,
            "status": "deprecated",
            "visibility": "public"
          },
          "sensitive_attributes": []
        }
      ]
    },
    {
      "mode": "data",
      "type": "ibm_is_ssh_key",
      "name": "ssh_key_id",
      "provider": "provider[\"registry.terraform.io/ibm-cloud/ibm\"]",
      "instances": [
        {
          "schema_version": 0,
          "attributes": {
            "crn": "crn:v1:bluemix:public:is:us-south:a/da0e8e9b59829b7ee6445af562466871::key:r006-2be265e7-2ab0-4787-9038-a45b89c2adf3",
            "fingerprint": "SHA256:KzhTI07ZuPlHUaXq6y54unkRD3E5yv9+dPFbtn5sHyQ",
            "id": "r006-2be265e7-2ab0-4787-9038-a45b89c2adf3",
            "length": 4096,
            "name": "vpc-vsi-04project",
            "public_key": "ssh-rsa AAAAB3NzaC1yc2EAAAADAQABAAABgQC2AP+AY6VzBS6KpFNIHrWg9+JNAk/SdZ2zxQPqGckbbA9cCDDhJIx70d6PuhlB+X4ghGzjcAYk/PnlhaXXh9tNs39bM3aeSsw/fVqpFIpe6P4rVkOGdpMh0MZ1nbgdxQmcwxfsCojNO6q6CiMISNmL7l9dwLjJLBTxkXlMZ/9504Ax6PTK58teGymlBClp+4IpsRMrDCxuDCoBSX4JG25p5QEc7xNr9x8o0eId7u2hO2cN6naPoQFfJuFzz/9aWHqUIp4PvpELbF8+Ldvn04lRstKPV++z7/UGjlN4LNirCKukWRiIXJrHg3IicGXi7ja0T3XM5OAwXXnt1sk8vOg3F/X+tQTeDoA0W84azjvfuPmEA7wAIW8Kqye65whPzDjHpmi7f8tIO3VvUYWAWuVERJJkN061hRjjriZVwUOstvMhQRg+AhocxIAePIA7eH/r7cI3QKyx6JNTJSbnBfRhMAJ1YBzXf2KnffAM/TvtoBSHShbjr2YQL4qgEhoD9DU=",
            "resource_controller_url": "https://cloud.ibm.com/vpc/compute/sshKeys",
            "resource_crn": "crn:v1:bluemix:public:is:us-south:a/da0e8e9b59829b7ee6445af562466871::key:r006-2be265e7-2ab0-4787-9038-a45b89c2adf3",
            "resource_group": null,
            "resource_group_name": "0fbdfa59eadf47b2990a3a1cd06876bd",
            "resource_name": "vpc-vsi-04project",
            "type": "rsa"
          },
          "sensitive_attributes": []
        }
      ]
    },
    {
      "mode": "managed",
      "type": "ibm_is_floating_ip",
      "name": "fip1",
      "provider": "provider[\"registry.terraform.io/ibm-cloud/ibm\"]",
      "instances": [
        {
          "schema_version": 0,
          "attributes": {
            "address": "52.116.133.102",
            "crn": "crn:v1:bluemix:public:is:us-south-1:a/da0e8e9b59829b7ee6445af562466871::floating-ip:r006-5715a857-f88a-476d-8d3b-ebbaeaabda8d",
            "id": "r006-5715a857-f88a-476d-8d3b-ebbaeaabda8d",
            "name": "vpctestexample-fip1",
            "resource_controller_url": "https://cloud.ibm.com/vpc-ext/network/floatingIPs",
            "resource_crn": "crn:v1:bluemix:public:is:us-south-1:a/da0e8e9b59829b7ee6445af562466871::floating-ip:r006-5715a857-f88a-476d-8d3b-ebbaeaabda8d",
            "resource_group": "0fbdfa59eadf47b2990a3a1cd06876bd",
            "resource_group_name": "default",
            "resource_name": "vpctestexample-fip1",
            "resource_status": "available",
            "status": "available",
            "tags": [],
            "target": "0717-98970823-027c-4ced-912c-5a47e6fef25c",
            "target_list": [
              {
                "crn": "",
                "deleted": [],
                "href": "https://us-south.iaas.cloud.ibm.com/v1/instances/0717_45df00a3-6078-4079-bde5-21db3a6f0591/network_interfaces/0717-98970823-027c-4ced-912c-5a47e6fef25c",
                "id": "0717-98970823-027c-4ced-912c-5a47e6fef25c",
                "name": "comma-spoon-kindred-harsh",
                "primary_ip": [
                  {
                    "address": "10.240.0.4",
                    "href": "https://us-south.iaas.cloud.ibm.com/v1/subnets/0717-920b33ce-8a2c-455b-a272-d21a00ae8ff4/reserved_ips/0717-3ceff970-84f0-47f2-8122-63287c2743db",
                    "name": "kilt-jab-sandbag-hangover",
                    "reserved_ip": "0717-3ceff970-84f0-47f2-8122-63287c2743db",
                    "resource_type": "subnet_reserved_ip"
                  }
                ],
                "resource_type": "network_interface"
              }
            ],
            "timeouts": null,
            "zone": "us-south-1"
          },
          "sensitive_attributes": [],
          "private": "eyJlMmJmYjczMC1lY2FhLTExZTYtOGY4OC0zNDM2M2JjN2M0YzAiOnsiY3JlYXRlIjo2MDAwMDAwMDAwMDAsImRlbGV0ZSI6NjAwMDAwMDAwMDAwfX0=",
          "dependencies": [
            "data.ibm_is_image.centos",
            "data.ibm_is_ssh_key.ssh_key_id",
            "ibm_is_instance.vsi1",
            "ibm_is_security_group.sg1",
            "ibm_is_subnet.subnet1",
            "ibm_is_vpc.vpc"
          ]
        }
      ]
    },
    {
      "mode": "managed",
      "type": "ibm_is_instance",
      "name": "vsi1",
      "provider": "provider[\"registry.terraform.io/ibm-cloud/ibm\"]",
      "instances": [
        {
          "schema_version": 0,
          "attributes": {
            "action": null,
            "auto_delete_volume": null,
            "availability_policy_host_failure": "restart",
            "bandwidth": 4000,
            "boot_volume": [
              {
                "encryption": "",
                "iops": 3000,
                "name": "squires-upheaval-reformist-action",
                "profile": "general-purpose",
                "size": 100,
                "snapshot": "",
                "volume_id": "r006-56845a86-0b11-4384-bcfe-88a501b3b6ab"
              }
            ],
            "crn": "crn:v1:bluemix:public:is:us-south-1:a/da0e8e9b59829b7ee6445af562466871::instance:0717_45df00a3-6078-4079-bde5-21db3a6f0591",
            "dedicated_host": null,
            "dedicated_host_group": null,
            "default_trusted_profile_auto_link": null,
            "default_trusted_profile_target": null,
            "disks": [],
            "force_action": false,
            "force_recovery_time": null,
            "gpu": [],
            "id": "0717_45df00a3-6078-4079-bde5-21db3a6f0591",
            "image": "r006-e0039ab2-fcc8-11e9-8a36-6ffb6501dd33",
            "instance_template": null,
            "keys": [
              "r006-2be265e7-2ab0-4787-9038-a45b89c2adf3"
            ],
            "memory": 4,
            "metadata_service_enabled": false,
            "name": "vpctestexample-vsi1",
            "network_interfaces": [],
            "placement_group": null,
            "placement_target": [],
            "primary_network_interface": [
              {
                "allow_ip_spoofing": false,
                "id": "0717-98970823-027c-4ced-912c-5a47e6fef25c",
                "name": "comma-spoon-kindred-harsh",
                "port_speed": 3000,
                "primary_ip": [
                  {
                    "address": "10.240.0.4",
                    "auto_delete": true,
                    "href": "https://us-south.iaas.cloud.ibm.com/v1/subnets/0717-920b33ce-8a2c-455b-a272-d21a00ae8ff4/reserved_ips/0717-3ceff970-84f0-47f2-8122-63287c2743db",
                    "name": "kilt-jab-sandbag-hangover",
                    "reserved_ip": "0717-3ceff970-84f0-47f2-8122-63287c2743db",
                    "resource_type": "subnet_reserved_ip"
                  }
                ],
                "primary_ipv4_address": "10.240.0.4",
                "security_groups": [
                  "r006-194d956a-8f80-4613-98ce-55f57b712341"
                ],
                "subnet": "0717-920b33ce-8a2c-455b-a272-d21a00ae8ff4"
              }
            ],
            "profile": "cx2-2x4",
            "resource_controller_url": "https://cloud.ibm.com/vpc-ext/compute/vs",
            "resource_crn": "crn:v1:bluemix:public:is:us-south-1:a/da0e8e9b59829b7ee6445af562466871::instance:0717_45df00a3-6078-4079-bde5-21db3a6f0591",
            "resource_group": "0fbdfa59eadf47b2990a3a1cd06876bd",
            "resource_group_name": "default",
            "resource_name": "vpctestexample-vsi1",
            "resource_status": "running",
            "status": "running",
            "status_reasons": [],
            "tags": [],
            "timeouts": null,
            "total_network_bandwidth": 3000,
            "total_volume_bandwidth": 1000,
            "user_data": null,
            "vcpu": [
              {
                "architecture": "amd64",
                "count": 2
              }
            ],
            "volume_attachments": [
              {
                "id": "0717-557ab303-7fe7-4018-a6cf-5369636b9673",
                "name": "script-dynasty-altitude-sampling",
                "volume_crn": "crn:v1:bluemix:public:is:us-south-1:a/da0e8e9b59829b7ee6445af562466871::volume:r006-56845a86-0b11-4384-bcfe-88a501b3b6ab",
                "volume_id": "r006-56845a86-0b11-4384-bcfe-88a501b3b6ab",
                "volume_name": "squires-upheaval-reformist-action"
              }
            ],
            "volumes": null,
            "vpc": "r006-47ffb1a2-656d-4e8e-85a0-28b1f58b238a",
            "wait_before_delete": true,
            "zone": "us-south-1"
          },
          "sensitive_attributes": [],
          "private": "eyJlMmJmYjczMC1lY2FhLTExZTYtOGY4OC0zNDM2M2JjN2M0YzAiOnsiY3JlYXRlIjoxODAwMDAwMDAwMDAwLCJkZWxldGUiOjE4MDAwMDAwMDAwMDAsInVwZGF0ZSI6MTgwMDAwMDAwMDAwMH19",
          "dependencies": [
            "data.ibm_is_image.centos",
            "data.ibm_is_ssh_key.ssh_key_id",
            "ibm_is_security_group.sg1",
            "ibm_is_subnet.subnet1",
            "ibm_is_vpc.vpc"
          ]
        }
      ]
    },
    {
      "mode": "managed",
      "type": "ibm_is_security_group",
      "name": "sg1",
      "provider": "provider[\"registry.terraform.io/ibm-cloud/ibm\"]",
      "instances": [
        {
          "schema_version": 0,
          "attributes": {
            "crn": "crn:v1:bluemix:public:is:us-south:a/da0e8e9b59829b7ee6445af562466871::security-group:r006-194d956a-8f80-4613-98ce-55f57b712341",
            "id": "r006-194d956a-8f80-4613-98ce-55f57b712341",
            "name": "vpctestexample-sg1",
            "resource_controller_url": "https://cloud.ibm.com/vpc-ext/network/securityGroups",
            "resource_crn": "crn:v1:bluemix:public:is:us-south:a/da0e8e9b59829b7ee6445af562466871::security-group:r006-194d956a-8f80-4613-98ce-55f57b712341",
            "resource_group": "0fbdfa59eadf47b2990a3a1cd06876bd",
            "resource_group_name": "default",
            "resource_name": "vpctestexample-sg1",
            "rules": [],
            "tags": [],
            "vpc": "r006-47ffb1a2-656d-4e8e-85a0-28b1f58b238a"
          },
          "sensitive_attributes": [],
          "private": "bnVsbA==",
          "dependencies": [
            "ibm_is_vpc.vpc"
          ]
        }
      ]
    },
    {
      "mode": "managed",
      "type": "ibm_is_security_group_rule",
      "name": "ingress_ssh_all",
      "provider": "provider[\"registry.terraform.io/ibm-cloud/ibm\"]",
      "instances": [
        {
          "schema_version": 0,
          "attributes": {
            "direction": "inbound",
            "group": "r006-194d956a-8f80-4613-98ce-55f57b712341",
            "icmp": [],
            "id": "r006-194d956a-8f80-4613-98ce-55f57b712341.r006-c1bd9f02-82a2-402d-ac8b-772c4e580716",
            "ip_version": "ipv4",
            "protocol": "tcp",
            "related_crn": "crn:v1:bluemix:public:is:us-south:a/da0e8e9b59829b7ee6445af562466871::security-group:r006-194d956a-8f80-4613-98ce-55f57b712341",
            "remote": "0.0.0.0/0",
            "rule_id": "r006-c1bd9f02-82a2-402d-ac8b-772c4e580716",
            "tcp": [
              {
                "port_max": 22,
                "port_min": 22
              }
            ],
            "udp": []
          },
          "sensitive_attributes": [],
          "private": "bnVsbA==",
          "dependencies": [
            "ibm_is_security_group.sg1",
            "ibm_is_vpc.vpc"
          ]
        }
      ]
    },
    {
      "mode": "managed",
      "type": "ibm_is_subnet",
      "name": "subnet1",
      "provider": "provider[\"registry.terraform.io/ibm-cloud/ibm\"]",
      "instances": [
        {
          "schema_version": 0,
          "attributes": {
            "access_tags": [],
            "available_ipv4_address_count": 251,
            "crn": "crn:v1:bluemix:public:is:us-south-1:a/da0e8e9b59829b7ee6445af562466871::subnet:0717-920b33ce-8a2c-455b-a272-d21a00ae8ff4",
            "id": "0717-920b33ce-8a2c-455b-a272-d21a00ae8ff4",
            "ip_version": "ipv4",
            "ipv4_cidr_block": "10.240.0.0/24",
            "name": "vpctestexample-subnet1",
            "network_acl": "r006-8c398e95-b486-42ea-a71f-dcfd5014d4cc",
            "public_gateway": "",
            "resource_controller_url": "https://cloud.ibm.com/vpc-ext/network/subnets",
            "resource_crn": "crn:v1:bluemix:public:is:us-south-1:a/da0e8e9b59829b7ee6445af562466871::subnet:0717-920b33ce-8a2c-455b-a272-d21a00ae8ff4",
            "resource_group": "0fbdfa59eadf47b2990a3a1cd06876bd",
            "resource_group_name": "default",
            "resource_name": "vpctestexample-subnet1",
            "resource_status": "available",
            "routing_table": "r006-1bd97476-ee71-4c63-ab34-bda03847bc8f",
            "status": "available",
            "tags": [],
            "timeouts": null,
            "total_ipv4_address_count": 256,
            "vpc": "r006-47ffb1a2-656d-4e8e-85a0-28b1f58b238a",
            "zone": "us-south-1"
          },
          "sensitive_attributes": [],
          "private": "eyJlMmJmYjczMC1lY2FhLTExZTYtOGY4OC0zNDM2M2JjN2M0YzAiOnsiY3JlYXRlIjo2MDAwMDAwMDAwMDAsImRlbGV0ZSI6NjAwMDAwMDAwMDAwLCJ1cGRhdGUiOjYwMDAwMDAwMDAwMH19",
          "dependencies": [
            "ibm_is_vpc.vpc"
          ]
        }
      ]
    },
    {
      "mode": "managed",
      "type": "ibm_is_vpc",
      "name": "vpc",
      "provider": "provider[\"registry.terraform.io/ibm-cloud/ibm\"]",
      "instances": [
        {
          "schema_version": 0,
          "attributes": {
            "address_prefix_management": "auto",
            "classic_access": false,
            "crn": "crn:v1:bluemix:public:is:us-south:a/da0e8e9b59829b7ee6445af562466871::vpc:r006-47ffb1a2-656d-4e8e-85a0-28b1f58b238a",
            "cse_source_addresses": [
              {
                "address": "10.249.196.81",
                "zone_name": "us-south-1"
              },
              {
                "address": "10.16.242.109",
                "zone_name": "us-south-2"
              },
              {
                "address": "10.249.209.32",
                "zone_name": "us-south-3"
              }
            ],
            "default_network_acl": "r006-8c398e95-b486-42ea-a71f-dcfd5014d4cc",
            "default_network_acl_crn": "crn:v1:bluemix:public:is:us-south:a/da0e8e9b59829b7ee6445af562466871::network-acl:r006-8c398e95-b486-42ea-a71f-dcfd5014d4cc",
            "default_network_acl_name": "afraid-aptly-pleading-vast",
            "default_routing_table": "r006-1bd97476-ee71-4c63-ab34-bda03847bc8f",
            "default_routing_table_name": "sprinkled-reputably-drudge-nanometer",
            "default_security_group": "r006-564880b1-b0c0-49ea-b92d-33131028bf17",
            "default_security_group_crn": "crn:v1:bluemix:public:is:us-south:a/da0e8e9b59829b7ee6445af562466871::security-group:r006-564880b1-b0c0-49ea-b92d-33131028bf17",
            "default_security_group_name": "relatable-velcro-landmine-radiator",
            "id": "r006-47ffb1a2-656d-4e8e-85a0-28b1f58b238a",
            "name": "vpctestexample-vpc",
            "resource_controller_url": "https://cloud.ibm.com/vpc-ext/network/vpcs",
            "resource_crn": "crn:v1:bluemix:public:is:us-south:a/da0e8e9b59829b7ee6445af562466871::vpc:r006-47ffb1a2-656d-4e8e-85a0-28b1f58b238a",
            "resource_group": "0fbdfa59eadf47b2990a3a1cd06876bd",
            "resource_group_name": "default",
            "resource_name": "vpctestexample-vpc",
            "resource_status": "available",
            "security_group": [
              {
                "group_id": "r006-564880b1-b0c0-49ea-b92d-33131028bf17",
                "group_name": "relatable-velcro-landmine-radiator",
                "rules": [
                  {
                    "code": 0,
                    "direction": "outbound",
                    "ip_version": "ipv4",
                    "port_max": 0,
                    "port_min": 0,
                    "protocol": "all",
                    "remote": "0.0.0.0/0",
                    "rule_id": "r006-8bf812ee-27cf-4ec9-acbe-200ecf6b0727",
                    "type": 0
                  },
                  {
                    "code": 0,
                    "direction": "inbound",
                    "ip_version": "ipv4",
                    "port_max": 0,
                    "port_min": 0,
                    "protocol": "all",
                    "remote": "r006-564880b1-b0c0-49ea-b92d-33131028bf17",
                    "rule_id": "r006-5dade365-7496-4b69-b76d-9b084865c667",
                    "type": 0
                  }
                ]
              }
            ],
            "status": "available",
            "subnets": [],
            "tags": [],
            "timeouts": null
          },
          "sensitive_attributes": [],
          "private": "eyJlMmJmYjczMC1lY2FhLTExZTYtOGY4OC0zNDM2M2JjN2M0YzAiOnsiY3JlYXRlIjo2MDAwMDAwMDAwMDAsImRlbGV0ZSI6NjAwMDAwMDAwMDAwfX0="
        }
      ]
    }
  ]
}
